
Microsoft Visual Studio Solution File, Format Version 12.00
# Visual Studio Version 16
VisualStudioVersion = 16.0.31313.79
MinimumVisualStudioVersion = 10.0.40219.1
Project("{FAE04EC0-301F-11D3-BF4B-00C04F79EFBC}") = "IsItALeapYear", "IsItALeapYear\IsItALeapYear.csproj", "{286F653B-82A8-4711-BDCB-B226652C2C92}"
EndProject
Project("{FAE04EC0-301F-11D3-BF4B-00C04F79EFBC}") = "TestProject2", "TestProject2\TestProject2.csproj", "{12786678-207C-4A10-A894-054C44B59291}"
EndProject
Global
	GlobalSection(SolutionConfigurationPlatforms) = preSolution
		Debug|Any CPU = Debug|Any CPU
		Release|Any CPU = Release|Any CPU
	EndGlobalSection
	GlobalSection(ProjectConfigurationPlatforms) = postSolution
		{286F653B-82A8-4711-BDCB-B226652C2C92}.Debug|Any CPU.ActiveCfg = Debug|Any CPU
		{286F653B-82A8-4711-BDCB-B226652C2C92}.Debug|Any CPU.Build.0 = Debug|Any CPU
		{286F653B-82A8-4711-BDCB-B226652C2C92}.Release|Any CPU.ActiveCfg = Release|Any CPU
		{286F653B-82A8-4711-BDCB-B226652C2C92}.Release|Any CPU.Build.0 = Release|Any CPU
		{12786678-207C-4A10-A894-054C44B59291}.Debug|Any CPU.ActiveCfg = Debug|Any CPU
		{12786678-207C-4A10-A894-054C44B59291}.Debug|Any CPU.Build.0 = Debug|Any CPU
		{12786678-207C-4A10-A894-054C44B59291}.Release|Any CPU.ActiveCfg = Release|Any CPU
		{12786678-207C-4A10-A894-054C44B59291}.Release|Any CPU.Build.0 = Release|Any CPU
	EndGlobalSection
	GlobalSection(SolutionProperties) = preSolution
		HideSolutionNode = FALSE
	EndGlobalSection
	GlobalSection(ExtensibilityGlobals) = postSolution
		SolutionGuid = {2C714890-DCD7-4AA9-9DAB-850CAAC02AE0}
	EndGlobalSection
EndGlobal
